<?xml version="1.0" encoding="utf-8"?>
<Project ToolsVersion="4.0" xmlns="http://schemas.microsoft.com/developer/msbuild/2003">
  <ItemGroup>
    <Filter Include="Source Files">
      <UniqueIdentifier>{4FC737F1-C7A5-4376-A066-2A32D752A2FF}</UniqueIdentifier>
      <Extensions>cpp;c;cc;cxx;c++;cppm;ixx;def;odl;idl;hpj;bat;asm;asmx</Extensions>
    </Filter>
    <Filter Include="Header Files">
      <UniqueIdentifier>{93995380-89BD-4b04-88EB-625FBE52EBFB}</UniqueIdentifier>
      <Extensions>h;hh;hpp;hxx;h++;hm;inl;inc;ipp;xsd</Extensions>
    </Filter>
    <Filter Include="Resource Files">
      <UniqueIdentifier>{67DA6AB6-F800-4c08-8B7A-83BB121AAD01}</UniqueIdentifier>
      <Extensions>rc;ico;cur;bmp;dlg;rc2;rct;bin;rgs;gif;jpg;jpeg;jpe;resx;tiff;tif;png;wav;mfcribbon-ms</Extensions>
    </Filter>
    <Filter Include="Source Files\expression_syntax">
      <UniqueIdentifier>{ea460c96-5925-499f-97d1-1b020f5b86d8}</UniqueIdentifier>
    </Filter>
    <Filter Include="Header Files\expression_syntax">
      <UniqueIdentifier>{e81a3b94-9726-46de-a02f-3304795396fe}</UniqueIdentifier>
    </Filter>
  </ItemGroup>
  <ItemGroup>
    <ClCompile Include="source\cute.cpp">
      <Filter>Source Files</Filter>
    </ClCompile>
    <ClCompile Include="source\lexer.cpp">
      <Filter>Source Files</Filter>
    </ClCompile>
    <ClCompile Include="source\syntax_token.cpp">
      <Filter>Source Files</Filter>
    </ClCompile>
    <ClCompile Include="source\parser.cpp">
      <Filter>Source Files</Filter>
    </ClCompile>
    <ClCompile Include="source\syntax_node.cpp">
      <Filter>Source Files</Filter>
    </ClCompile>
    <ClCompile Include="source\number_expression_syntax.cpp">
      <Filter>Source Files\expression_syntax</Filter>
    </ClCompile>
    <ClCompile Include="source\binary_expression_syntax.cpp">
      <Filter>Source Files\expression_syntax</Filter>
    </ClCompile>
  </ItemGroup>
  <ItemGroup>
    <ClInclude Include="headers\lexer.h">
      <Filter>Header Files</Filter>
    </ClInclude>
    <ClInclude Include="headers\parser.h">
      <Filter>Header Files</Filter>
    </ClInclude>
    <ClInclude Include="headers\syntax_node.h">
      <Filter>Header Files</Filter>
    </ClInclude>
    <ClInclude Include="headers\syntax_token.h">
      <Filter>Header Files</Filter>
    </ClInclude>
    <ClInclude Include="headers\binary_expression_syntax.h">
      <Filter>Header Files\expression_syntax</Filter>
    </ClInclude>
    <ClInclude Include="headers\expression_syntax.h">
      <Filter>Header Files\expression_syntax</Filter>
    </ClInclude>
    <ClInclude Include="headers\number_expression_syntax.h">
      <Filter>Header Files\expression_syntax</Filter>
    </ClInclude>
  </ItemGroup>
</Project>