<?xml version="1.0" encoding="utf-8"?>
<Project ToolsVersion="4.0" xmlns="http://schemas.microsoft.com/developer/msbuild/2003">
  <ItemGroup>
    <Filter Include="Source Files">
      <UniqueIdentifier>{4FC737F1-C7A5-4376-A066-2A32D752A2FF}</UniqueIdentifier>
      <Extensions>cpp;c;cc;cxx;c++;cppm;ixx;def;odl;idl;hpj;bat;asm;asmx</Extensions>
    </Filter>
    <Filter Include="Header Files">
      <UniqueIdentifier>{93995380-89BD-4b04-88EB-625FBE52EBFB}</UniqueIdentifier>
      <Extensions>h;hh;hpp;hxx;h++;hm;inl;inc;ipp;xsd</Extensions>
    </Filter>
    <Filter Include="Resource Files">
      <UniqueIdentifier>{67DA6AB6-F800-4c08-8B7A-83BB121AAD01}</UniqueIdentifier>
      <Extensions>rc;ico;cur;bmp;dlg;rc2;rct;bin;rgs;gif;jpg;jpeg;jpe;resx;tiff;tif;png;wav;mfcribbon-ms</Extensions>
    </Filter>
    <Filter Include="Source Files\expression_syntax">
      <UniqueIdentifier>{ea460c96-5925-499f-97d1-1b020f5b86d8}</UniqueIdentifier>
    </Filter>
  </ItemGroup>
  <ItemGroup>
    <ClCompile Include="cute.cpp">
      <Filter>Source Files</Filter>
    </ClCompile>
    <ClCompile Include="lexer.cpp">
      <Filter>Source Files</Filter>
    </ClCompile>
    <ClCompile Include="syntax_token.cpp">
      <Filter>Source Files</Filter>
    </ClCompile>
    <ClCompile Include="parser.cpp">
      <Filter>Source Files</Filter>
    </ClCompile>
    <ClCompile Include="syntax_node.cpp">
      <Filter>Source Files</Filter>
    </ClCompile>
    <ClCompile Include="number_expression_syntax.cpp">
      <Filter>Source Files\expression_syntax</Filter>
    </ClCompile>
    <ClCompile Include="binary_expression_syntax.cpp">
      <Filter>Source Files\expression_syntax</Filter>
    </ClCompile>
  </ItemGroup>
  <ItemGroup>
    <ClInclude Include="lexer.h">
      <Filter>Source Files</Filter>
    </ClInclude>
    <ClInclude Include="syntax_token.h">
      <Filter>Source Files</Filter>
    </ClInclude>
    <ClInclude Include="parser.h">
      <Filter>Source Files</Filter>
    </ClInclude>
    <ClInclude Include="syntax_node.h">
      <Filter>Source Files</Filter>
    </ClInclude>
    <ClInclude Include="number_expression_syntax.h">
      <Filter>Source Files\expression_syntax</Filter>
    </ClInclude>
    <ClInclude Include="binary_expression_syntax.h">
      <Filter>Source Files\expression_syntax</Filter>
    </ClInclude>
    <ClInclude Include="expression_syntax.h">
      <Filter>Source Files\expression_syntax</Filter>
    </ClInclude>
  </ItemGroup>
</Project>